
Microsoft Visual Studio Solution File, Format Version 12.00
# Visual Studio Version 17
VisualStudioVersion = 17.11.35312.102
MinimumVisualStudioVersion = 10.0.40219.1
Project("{FAE04EC0-301F-11D3-BF4B-00C04F79EFBC}") = "BookAuthorSerialization", "BookAuthorSerialization.csproj", "{C246F5BD-3CC4-4790-91FB-1C7342C31D46}"
EndProject
Global
	GlobalSection(SolutionConfigurationPlatforms) = preSolution
		Debug|Any CPU = Debug|Any CPU
		Release|Any CPU = Release|Any CPU
	EndGlobalSection
	GlobalSection(ProjectConfigurationPlatforms) = postSolution
		{C246F5BD-3CC4-4790-91FB-1C7342C31D46}.Debug|Any CPU.ActiveCfg = Debug|Any CPU
		{C246F5BD-3CC4-4790-91FB-1C7342C31D46}.Debug|Any CPU.Build.0 = Debug|Any CPU
		{C246F5BD-3CC4-4790-91FB-1C7342C31D46}.Release|Any CPU.ActiveCfg = Release|Any CPU
		{C246F5BD-3CC4-4790-91FB-1C7342C31D46}.Release|Any CPU.Build.0 = Release|Any CPU
	EndGlobalSection
	GlobalSection(SolutionProperties) = preSolution
		HideSolutionNode = FALSE
	EndGlobalSection
	GlobalSection(ExtensibilityGlobals) = postSolution
		SolutionGuid = {A19EFBE8-CCC5-47BA-99BB-9E2D156AA4E3}
	EndGlobalSection
EndGlobal
